
Microsoft Visual Studio Solution File, Format Version 12.00
# Visual Studio 15
VisualStudioVersion = 15.0.27428.2043
MinimumVisualStudioVersion = 10.0.40219.1
Project("{FAE04EC0-301F-11D3-BF4B-00C04F79EFBC}") = "TabControllApp", "TabControllApp\TabControllApp.csproj", "{2CDA51D8-7262-49EE-8D75-85EA4A3CEE3D}"
EndProject
Global
	GlobalSection(SolutionConfigurationPlatforms) = preSolution
		Debug|Any CPU = Debug|Any CPU
		Release|Any CPU = Release|Any CPU
	EndGlobalSection
	GlobalSection(ProjectConfigurationPlatforms) = postSolution
		{2CDA51D8-7262-49EE-8D75-85EA4A3CEE3D}.Debug|Any CPU.ActiveCfg = Debug|Any CPU
		{2CDA51D8-7262-49EE-8D75-85EA4A3CEE3D}.Debug|Any CPU.Build.0 = Debug|Any CPU
		{2CDA51D8-7262-49EE-8D75-85EA4A3CEE3D}.Release|Any CPU.ActiveCfg = Release|Any CPU
		{2CDA51D8-7262-49EE-8D75-85EA4A3CEE3D}.Release|Any CPU.Build.0 = Release|Any CPU
	EndGlobalSection
	GlobalSection(SolutionProperties) = preSolution
		HideSolutionNode = FALSE
	EndGlobalSection
	GlobalSection(ExtensibilityGlobals) = postSolution
		SolutionGuid = {0E2BAF48-AF88-42D3-BFE4-15D45AAA97A6}
	EndGlobalSection
EndGlobal
